
Microsoft Visual Studio Solution File, Format Version 12.00
# Visual Studio 15
VisualStudioVersion = 15.0.26730.15
MinimumVisualStudioVersion = 10.0.40219.1
Project("{FAE04EC0-301F-11D3-BF4B-00C04F79EFBC}") = "Sampleapp2", "Sampleapp2\Sampleapp2.csproj", "{1BC8D895-2E62-4B5A-9237-494A4CAD7D97}"
EndProject
Global
	GlobalSection(SolutionConfigurationPlatforms) = preSolution
		Debug|Any CPU = Debug|Any CPU
		Release|Any CPU = Release|Any CPU
	EndGlobalSection
	GlobalSection(ProjectConfigurationPlatforms) = postSolution
		{1BC8D895-2E62-4B5A-9237-494A4CAD7D97}.Debug|Any CPU.ActiveCfg = Debug|Any CPU
		{1BC8D895-2E62-4B5A-9237-494A4CAD7D97}.Debug|Any CPU.Build.0 = Debug|Any CPU
		{1BC8D895-2E62-4B5A-9237-494A4CAD7D97}.Release|Any CPU.ActiveCfg = Release|Any CPU
		{1BC8D895-2E62-4B5A-9237-494A4CAD7D97}.Release|Any CPU.Build.0 = Release|Any CPU
	EndGlobalSection
	GlobalSection(SolutionProperties) = preSolution
		HideSolutionNode = FALSE
	EndGlobalSection
	GlobalSection(ExtensibilityGlobals) = postSolution
		SolutionGuid = {8F21E36F-2741-4896-AA1F-9094307BAA5E}
	EndGlobalSection
EndGlobal
